
Microsoft Visual Studio Solution File, Format Version 12.00
# Visual Studio 15
VisualStudioVersion = 15.0.28010.2036
MinimumVisualStudioVersion = 10.0.40219.1
Project("{8BC9CEB8-8B4A-11D0-8D11-00A0C91BC942}") = "stepper test", "stepper test.vcxproj", "{3D04997D-17C4-448F-BA40-555FABB14EAA}"
EndProject
Global
	GlobalSection(SolutionConfigurationPlatforms) = preSolution
		Debug|x86 = Debug|x86
		Release|x86 = Release|x86
	EndGlobalSection
	GlobalSection(ProjectConfigurationPlatforms) = postSolution
		{3D04997D-17C4-448F-BA40-555FABB14EAA}.Debug|x86.ActiveCfg = Debug|Win32
		{3D04997D-17C4-448F-BA40-555FABB14EAA}.Debug|x86.Build.0 = Debug|Win32
		{3D04997D-17C4-448F-BA40-555FABB14EAA}.Release|x86.ActiveCfg = Release|Win32
		{3D04997D-17C4-448F-BA40-555FABB14EAA}.Release|x86.Build.0 = Release|Win32
	EndGlobalSection
	GlobalSection(SolutionProperties) = preSolution
		HideSolutionNode = FALSE
	EndGlobalSection
	GlobalSection(ExtensibilityGlobals) = postSolution
		SolutionGuid = {4F3C19A2-3244-42D4-A9D1-750FF22AD2FC}
	EndGlobalSection
EndGlobal
